{
  "name": "csc317-termproject-yuqiao1205",
  "lockfileVersion": 2,
  "requires": true,
  "packages": {
    "": {
      "dependencies": {
        "express-flash": "^0.0.2"
      }
    },
    "node_modules/connect-flash": {
      "version": "0.1.1",
      "resolved": "https://registry.npmjs.org/connect-flash/-/connect-flash-0.1.1.tgz",
      "integrity": "sha1-2GMPJtlaf4UfmVax6MxnMvO2qjA=",
      "engines": {
        "node": ">= 0.4.0"
      }
    },
    "node_modules/express-flash": {
      "version": "0.0.2",
      "resolved": "https://registry.npmjs.org/express-flash/-/express-flash-0.0.2.tgz",
      "integrity": "sha1-I9GovPP5DXB5KOSJ+Whp7K0KzaI=",
      "dependencies": {
        "connect-flash": "0.1.x"
      },
      "engines": {
        "node": ">= 0.8.0"
      }
    }
  },
  "dependencies": {
    "connect-flash": {
      "version": "0.1.1",
      "resolved": "https://registry.npmjs.org/connect-flash/-/connect-flash-0.1.1.tgz",
      "integrity": "sha1-2GMPJtlaf4UfmVax6MxnMvO2qjA="
    },
    "express-flash": {
      "version": "0.0.2",
      "resolved": "https://registry.npmjs.org/express-flash/-/express-flash-0.0.2.tgz",
      "integrity": "sha1-I9GovPP5DXB5KOSJ+Whp7K0KzaI=",
      "requires": {
        "connect-flash": "0.1.x"
      }
    }
  }
}
